{
    "_meta": {
        "hash": {
            "sha256": "af389cb7f10a04b9f8755deecb8b2922723aa735e11d4599afb4c45dd31db33d"
        },
        "pipfile-spec": 6,
        "requires": {
            "python_version": "3.10"
        },
        "sources": [
            {
                "name": "pypi",
                "url": "https://pypi.org/simple",
                "verify_ssl": true
            }
        ]
    },
    "default": {
        "allure-behave": {
            "hashes": [
                "sha256:68ad12810217a6e528493cfc8e0e483ca40cd97be4d847e44868a0b32fc614da",
                "sha256:ede808040134a12dd6ef980d79e03631266497b91650cf303c31bae172081595"
            ],
            "index": "pypi",
            "version": "==2.9.45"
        },
        "allure-python-commons": {
            "hashes": [
                "sha256:3572f0526db3946fb14470c58b0b41d343483aad91d37d414e4641815e13691a",
                "sha256:c238d28aeac35e8c7c517d8a2327e25ae5bbf2c30b5e2313d20ef11d75f5549d"
            ],
            "markers": "python_version >= '3.5'",
            "version": "==2.9.45"
        },
        "attrs": {
            "hashes": [
                "sha256:1f28b4522cdc2fb4256ac1a020c78acf9cba2c6b461ccd2c126f3aa8e8335d04",
                "sha256:6279836d581513a26f1bf235f9acd333bc9115683f14f7e8fae46c98fc50e015"
            ],
            "markers": "python_version >= '3.7'",
            "version": "==23.1.0"
        },
        "behave": {
            "hashes": [
                "sha256:b9662327aa53294c1351b0a9c369093ccec1d21026f050c3bd9b3e5cccf81a86",
                "sha256:ebda1a6c9e5bfe95c5f9f0a2794e01c7098b3dde86c10a95d8621c5907ff6f1c"
            ],
            "index": "pypi",
            "version": "==1.2.6"
        },
        "boto3": {
            "hashes": [
                "sha256:15733c2bbedce7a36fcf1749560c72c3ee90785aa6302a98658c7bffdcbe1f2a",
                "sha256:ea8ebcea4ccb70d1cf57526d9eec6012c76796f28ada3e9cc1d89178683d8107"
            ],
            "index": "pypi",
            "version": "==1.23.8"
        },
        "botocore": {
            "hashes": [
                "sha256:5df2cf7ebe34377470172bd0bbc582cf98c5cbd02da0909a14e9e2885ab3ae9c",
                "sha256:8a4a984bf901ccefe40037da11ba2abd1ddbcb3b490a492b7f218509c99fc12f"
            ],
            "markers": "python_version >= '3.6'",
            "version": "==1.26.10"
        },
        "certifi": {
            "hashes": [
                "sha256:35824b4c3a97115964b408844d64aa14db1cc518f6562e8d7261699d1350a9e3",
                "sha256:4ad3232f5e926d6718ec31cfc1fcadfde020920e278684144551c91769c7bc18"
            ],
            "markers": "python_version >= '3.6'",
            "version": "==2022.12.7"
        },
        "charset-normalizer": {
            "hashes": [
                "sha256:2857e29ff0d34db842cd7ca3230549d1a697f96ee6d3fb071cfa6c7393832597",
                "sha256:6881edbebdb17b39b4eaaa821b438bf6eddffb4468cf344f09f89def34a8b1df"
            ],
            "markers": "python_version >= '3'",
            "version": "==2.0.12"
        },
        "decorator": {
            "hashes": [
                "sha256:637996211036b6385ef91435e4fae22989472f9d571faba8927ba8253acbc330",
                "sha256:b8c3f85900b9dc423225913c5aace94729fe1fa9763b38939a95226f02d37186"
            ],
            "markers": "python_version >= '3.5'",
            "version": "==5.1.1"
        },
        "faker": {
            "hashes": [
                "sha256:096c15e136adb365db24d8c3964fe26bfc68fe060c9385071a339f8c14e09c8a",
                "sha256:a741b77f484215c3aab2604100669657189548f440fcb2ed0f8b7ee21c385629"
            ],
            "index": "pypi",
            "version": "==15.1.1"
        },
        "functions": {
            "hashes": [
                "sha256:5a36bd11d36bbce210fecddd9ff1a475a86035905818a4075d6c7ebb2f714181"
            ],
            "index": "pypi",
            "version": "==0.7.0"
        },
        "idna": {
            "hashes": [
                "sha256:814f528e8dead7d329833b91c5faa87d60bf71824cd12a7530b5526063d02cb4",
                "sha256:90b77e79eaa3eba6de819a0c442c0b4ceefc341a7a2ab77d7562bf49f425c5c2"
            ],
            "markers": "python_version >= '3'",
            "version": "==3.4"
        },
        "jmespath": {
            "hashes": [
                "sha256:02e2e4cc71b5bcab88332eebf907519190dd9e6e82107fa7f83b1003a6252980",
                "sha256:90261b206d6defd58fdd5e85f478bf633a2901798906be2ad389150c5c60edbe"
            ],
            "markers": "python_version >= '3.7'",
            "version": "==1.0.1"
        },
        "jsonpath-ng": {
            "hashes": [
                "sha256:292a93569d74029ba75ac2dc3d3630fc0e17b2df26119a165fa1d498ca47bf65",
                "sha256:a273b182a82c1256daab86a313b937059261b5c5f8c4fa3fc38b882b344dd567",
                "sha256:f75b95dbecb8a0f3b86fd2ead21c2b022c3f5770957492b9b6196ecccfeb10aa"
            ],
            "index": "pypi",
            "version": "==1.5.3"
        },
        "parse": {
            "hashes": [
                "sha256:9ff82852bcb65d139813e2a5197627a94966245c897796760a3a2a8eb66f020b"
            ],
            "version": "==1.19.0"
        },
        "parse-type": {
            "hashes": [
                "sha256:20b43c660e48ed47f433bce5873a2a3d4b9b6a7ba47bd7f7d2a7cec4bec5551f",
                "sha256:c148e88436bd54dab16484108e882be3367f44952c649c9cd6b82a7370b650cb"
            ],
            "markers": "python_version >= '2.7' and python_version not in '3.0, 3.1, 3.2, 3.3'",
            "version": "==0.6.0"
        },
        "pluggy": {
            "hashes": [
                "sha256:4224373bacce55f955a878bf9cfa763c1e360858e330072059e10bad68531159",
                "sha256:74134bbf457f031a36d68416e1509f34bd5ccc019f0bcc952c7b909d06b37bd3"
            ],
            "markers": "python_version >= '3.6'",
            "version": "==1.0.0"
        },
        "ply": {
            "hashes": [
                "sha256:00c7c1aaa88358b9c765b6d3000c6eec0ba42abca5351b095321aef446081da3",
                "sha256:096f9b8350b65ebd2fd1346b12452efe5b9607f7482813ffca50c22722a807ce"
            ],
            "version": "==3.11"
        },
        "python-dateutil": {
            "hashes": [
                "sha256:0123cacc1627ae19ddf3c27a5de5bd67ee4586fbdd6440d9748f8abb483d3e86",
                "sha256:961d03dc3453ebbc59dbdea9e4e11c5651520a876d0f4db161e8674aae935da9"
            ],
            "markers": "python_version >= '2.7' and python_version not in '3.0, 3.1, 3.2, 3.3'",
            "version": "==2.8.2"
        },
        "python-dotenv": {
            "hashes": [
                "sha256:b7e3b04a59693c42c36f9ab1cc2acc46fa5df8c78e178fc33a8d4cd05c8d498f",
                "sha256:d92a187be61fe482e4fd675b6d52200e7be63a12b724abbf931a40ce4fa92938"
            ],
            "index": "pypi",
            "version": "==0.20.0"
        },
        "requests": {
            "hashes": [
                "sha256:68d7c56fd5a8999887728ef304a6d12edc7be74f1cfa47714fc8b414525c9a61",
                "sha256:f22fa1e554c9ddfd16e6e41ac79759e17be9e492b3587efa038054674760e72d"
            ],
            "index": "pypi",
            "version": "==2.27.1"
        },
        "s3transfer": {
            "hashes": [
                "sha256:7a6f4c4d1fdb9a2b640244008e142cbc2cd3ae34b386584ef044dd0f27101971",
                "sha256:95c58c194ce657a5f4fb0b9e60a84968c808888aed628cd98ab8771fe1db98ed"
            ],
            "markers": "python_version >= '3.6'",
            "version": "==0.5.2"
        },
        "six": {
            "hashes": [
                "sha256:1e61c37477a1626458e36f7b1d82aa5c9b094fa4802892072e49de9c60c4c926",
                "sha256:8abb2f1d86890a2dfb989f9a77cfcfd3e47c2a354b01111771326f8aa26e0254"
            ],
            "markers": "python_version >= '2.7' and python_version not in '3.0, 3.1, 3.2, 3.3'",
            "version": "==1.16.0"
        },
        "urllib3": {
            "hashes": [
                "sha256:8a388717b9476f934a21484e8c8e61875ab60644d29b9b39e11e4b9dc1c6b305",
                "sha256:aa751d169e23c7479ce47a0cb0da579e3ede798f994f5816a74e4f4500dcea42"
            ],
            "markers": "python_version >= '2.7' and python_version not in '3.0, 3.1, 3.2, 3.3, 3.4, 3.5'",
            "version": "==1.26.15"
        },
        "when": {
            "hashes": [
                "sha256:94f1d92e5b3d7bd8f70cc176df3a110607b541e7e3bb11ad8711beb7b1d842a1",
                "sha256:f76b8e88cfc093972cf64722feeec5300cccecfc233cffb78b5f1a9a5ba616e5"
            ],
            "index": "pypi",
            "version": "==2.0.0"
        }
    },
    "develop": {}
}
